
Microsoft Visual Studio Solution File, Format Version 12.00
# Visual Studio Version 16
VisualStudioVersion = 16.0.29911.84
MinimumVisualStudioVersion = 10.0.40219.1
Project("{9A19103F-16F7-4668-BE54-9A1E7A4F7556}") = "WorldCities", "WorldCities.csproj", "{C9D3893D-3284-4407-9609-86DDE7874F21}"
EndProject
Global
	GlobalSection(SolutionConfigurationPlatforms) = preSolution
		Debug|Any CPU = Debug|Any CPU
		Release|Any CPU = Release|Any CPU
	EndGlobalSection
	GlobalSection(ProjectConfigurationPlatforms) = postSolution
		{C9D3893D-3284-4407-9609-86DDE7874F21}.Debug|Any CPU.ActiveCfg = Debug|Any CPU
		{C9D3893D-3284-4407-9609-86DDE7874F21}.Debug|Any CPU.Build.0 = Debug|Any CPU
		{C9D3893D-3284-4407-9609-86DDE7874F21}.Release|Any CPU.ActiveCfg = Release|Any CPU
		{C9D3893D-3284-4407-9609-86DDE7874F21}.Release|Any CPU.Build.0 = Release|Any CPU
	EndGlobalSection
	GlobalSection(SolutionProperties) = preSolution
		HideSolutionNode = FALSE
	EndGlobalSection
	GlobalSection(ExtensibilityGlobals) = postSolution
		SolutionGuid = {55A9819B-3B2E-4CFD-A40D-E7D7FA0EE927}
	EndGlobalSection
EndGlobal
